
Microsoft Visual Studio Solution File, Format Version 12.00
# Visual Studio 2012
Project("{E24C65DC-7377-472B-9ABA-BC803B73C61A}") = "AAA", ".", "{D37CB375-DABB-44B0-8644-CA7969900A21}"
	ProjectSection(WebsiteProperties) = preProject
		TargetFrameworkMoniker = ".NETFramework,Version%3Dv4.0"
		Debug.AspNetCompiler.VirtualPath = "/AAA"
		Debug.AspNetCompiler.PhysicalPath = "..\..\..\GitHub\AAA\"
		Debug.AspNetCompiler.TargetPath = "PrecompiledWeb\AAA\"
		Debug.AspNetCompiler.Updateable = "true"
		Debug.AspNetCompiler.ForceOverwrite = "true"
		Debug.AspNetCompiler.FixedNames = "false"
		Debug.AspNetCompiler.Debug = "True"
		Release.AspNetCompiler.VirtualPath = "/AAA"
		Release.AspNetCompiler.PhysicalPath = "..\..\..\GitHub\AAA\"
		Release.AspNetCompiler.TargetPath = "PrecompiledWeb\AAA\"
		Release.AspNetCompiler.Updateable = "true"
		Release.AspNetCompiler.ForceOverwrite = "true"
		Release.AspNetCompiler.FixedNames = "false"
		Release.AspNetCompiler.Debug = "False"
		VWDPort = "57621"
	EndProjectSection
EndProject
Global
	GlobalSection(SolutionConfigurationPlatforms) = preSolution
		Debug|Any CPU = Debug|Any CPU
	EndGlobalSection
	GlobalSection(ProjectConfigurationPlatforms) = postSolution
		{D37CB375-DABB-44B0-8644-CA7969900A21}.Debug|Any CPU.ActiveCfg = Debug|Any CPU
		{D37CB375-DABB-44B0-8644-CA7969900A21}.Debug|Any CPU.Build.0 = Debug|Any CPU
	EndGlobalSection
	GlobalSection(SolutionProperties) = preSolution
		HideSolutionNode = FALSE
	EndGlobalSection
EndGlobal
